
Microsoft Visual Studio Solution File, Format Version 12.00
# Visual Studio 2012
Project("{FAE04EC0-301F-11D3-BF4B-00C04F79EFBC}") = "BridgePattern", "BridgePattern\BridgePattern.csproj", "{A2F16FF0-1241-454D-AD4A-DB44311D0EBB}"
EndProject
Project("{FAE04EC0-301F-11D3-BF4B-00C04F79EFBC}") = "BuilderDemoPattern", "BuilderDemoPattern\BuilderDemoPattern.csproj", "{2CA91C36-4703-4427-B257-E56BAA3EC694}"
EndProject
Project("{FAE04EC0-301F-11D3-BF4B-00C04F79EFBC}") = "CommandPattern", "CommandPattern\CommandPattern.csproj", "{ED751940-D296-4739-8752-03729EDDEC3F}"
EndProject
Project("{FAE04EC0-301F-11D3-BF4B-00C04F79EFBC}") = "CommandPatternStockTrade", "CommandPatternStockTrade\CommandPatternStockTrade.csproj", "{202578DA-23A2-4DDD-802C-2923D7793266}"
EndProject
Project("{FAE04EC0-301F-11D3-BF4B-00C04F79EFBC}") = "CompositePattern", "CompositePattern\CompositePattern.csproj", "{D3B6F80A-4F4F-4A43-BA0C-0A8D88D8FECC}"
EndProject
Project("{FAE04EC0-301F-11D3-BF4B-00C04F79EFBC}") = "DecoratorPattern", "DecoratorPattern\DecoratorPattern.csproj", "{5B507675-0994-48FF-A4D5-F5E0D7060D6B}"
EndProject
Project("{FAE04EC0-301F-11D3-BF4B-00C04F79EFBC}") = "SimpleFactoryPattern", "SimpleFactoryPattern\SimpleFactoryPattern.csproj", "{9B31F841-FEFB-47A2-B90B-469E58093303}"
EndProject
Project("{FAE04EC0-301F-11D3-BF4B-00C04F79EFBC}") = "FactoryMethodPattern", "FactoryMethodPattern\FactoryMethodPattern.csproj", "{C0F560DC-CCB3-4B72-9AA1-A293C6E259E3}"
EndProject
Project("{FAE04EC0-301F-11D3-BF4B-00C04F79EFBC}") = "AbstractFactory", "AbstractFactory\AbstractFactory.csproj", "{3F80D6AA-F891-4DFA-BF87-E4F342FC72E0}"
EndProject
Project("{FAE04EC0-301F-11D3-BF4B-00C04F79EFBC}") = "VirtualProxyLazyLoadPattern", "VirtualProxyLazyLoadPattern\VirtualProxyLazyLoadPattern.csproj", "{16EE8161-698E-4BF9-B9E0-1743BA46A99C}"
EndProject
Project("{FAE04EC0-301F-11D3-BF4B-00C04F79EFBC}") = "LazyLoadPatternUnitTest", "LazyLoadPatternUnitTest\LazyLoadPatternUnitTest.csproj", "{24E1C1E0-36AA-42FB-BAD2-8E9BD65660E7}"
EndProject
Project("{FAE04EC0-301F-11D3-BF4B-00C04F79EFBC}") = "ValueHolderLazyLoadPattern", "ValueHolderLazyLoadPattern\ValueHolderLazyLoadPattern.csproj", "{6FCCDA4E-7A80-44D5-825B-CEFCD6812F6F}"
EndProject
Project("{FAE04EC0-301F-11D3-BF4B-00C04F79EFBC}") = "LazyInitializationLazyLoadPattern", "LazyInitializationLazyLoadPattern\LazyInitializationLazyLoadPattern.csproj", "{542F2DF9-BC80-4087-BFF2-33CFA7DEA5B8}"
EndProject
Project("{FAE04EC0-301F-11D3-BF4B-00C04F79EFBC}") = "LazyInitializationLazyTPattern", "LazyInitializationLazyTPattern\LazyInitializationLazyTPattern.csproj", "{4CDEEB61-2797-4FF5-B032-C9A7839CB8E0}"
EndProject
Project("{2150E333-8FDC-42A3-9474-1A3956D46DE8}") = "LazyLoadPattern", "LazyLoadPattern", "{646B0119-BADC-4774-9B57-4F4091EAB032}"
EndProject
Project("{2150E333-8FDC-42A3-9474-1A3956D46DE8}") = "FactoryPattern", "FactoryPattern", "{D2D365CE-968C-4200-A28C-43B93BD24194}"
EndProject
Project("{2150E333-8FDC-42A3-9474-1A3956D46DE8}") = "MementoPattern", "MementoPattern", "{6A57C5C3-8E3F-4B66-9D2A-34772240DDF7}"
EndProject
Project("{FAE04EC0-301F-11D3-BF4B-00C04F79EFBC}") = "PaintBefore", "PaintBefore\PaintBefore.csproj", "{2DC83B2C-6A8A-4835-87D9-ECCFC746BB73}"
EndProject
Project("{2150E333-8FDC-42A3-9474-1A3956D46DE8}") = "MVVM", "MVVM", "{0307D959-FFA3-48F9-9CFA-D3DCBFB0CD2C}"
EndProject
Project("{FAE04EC0-301F-11D3-BF4B-00C04F79EFBC}") = "SimpleMvvm", "SimpleMvvm\SimpleMvvm.csproj", "{78221334-643A-40FE-AF83-44328F6643E2}"
EndProject
Project("{FAE04EC0-301F-11D3-BF4B-00C04F79EFBC}") = "PrototypePatternIClonable", "PrototypePattern\PrototypePatternIClonable.csproj", "{BAB5828A-D816-4E2B-BAA5-E4B2F0EDF39D}"
EndProject
Project("{FAE04EC0-301F-11D3-BF4B-00C04F79EFBC}") = "VisitorPattern", "VisitorPattern\VisitorPattern.csproj", "{24484C41-E856-4800-9E54-521D3497E5DB}"
EndProject
Global
	GlobalSection(SolutionConfigurationPlatforms) = preSolution
		Debug|Any CPU = Debug|Any CPU
		Release|Any CPU = Release|Any CPU
	EndGlobalSection
	GlobalSection(ProjectConfigurationPlatforms) = postSolution
		{A2F16FF0-1241-454D-AD4A-DB44311D0EBB}.Debug|Any CPU.ActiveCfg = Debug|Any CPU
		{A2F16FF0-1241-454D-AD4A-DB44311D0EBB}.Debug|Any CPU.Build.0 = Debug|Any CPU
		{A2F16FF0-1241-454D-AD4A-DB44311D0EBB}.Release|Any CPU.ActiveCfg = Release|Any CPU
		{A2F16FF0-1241-454D-AD4A-DB44311D0EBB}.Release|Any CPU.Build.0 = Release|Any CPU
		{2CA91C36-4703-4427-B257-E56BAA3EC694}.Debug|Any CPU.ActiveCfg = Debug|Any CPU
		{2CA91C36-4703-4427-B257-E56BAA3EC694}.Debug|Any CPU.Build.0 = Debug|Any CPU
		{2CA91C36-4703-4427-B257-E56BAA3EC694}.Release|Any CPU.ActiveCfg = Release|Any CPU
		{2CA91C36-4703-4427-B257-E56BAA3EC694}.Release|Any CPU.Build.0 = Release|Any CPU
		{ED751940-D296-4739-8752-03729EDDEC3F}.Debug|Any CPU.ActiveCfg = Debug|Any CPU
		{ED751940-D296-4739-8752-03729EDDEC3F}.Debug|Any CPU.Build.0 = Debug|Any CPU
		{ED751940-D296-4739-8752-03729EDDEC3F}.Release|Any CPU.ActiveCfg = Release|Any CPU
		{ED751940-D296-4739-8752-03729EDDEC3F}.Release|Any CPU.Build.0 = Release|Any CPU
		{202578DA-23A2-4DDD-802C-2923D7793266}.Debug|Any CPU.ActiveCfg = Debug|Any CPU
		{202578DA-23A2-4DDD-802C-2923D7793266}.Debug|Any CPU.Build.0 = Debug|Any CPU
		{202578DA-23A2-4DDD-802C-2923D7793266}.Release|Any CPU.ActiveCfg = Release|Any CPU
		{202578DA-23A2-4DDD-802C-2923D7793266}.Release|Any CPU.Build.0 = Release|Any CPU
		{D3B6F80A-4F4F-4A43-BA0C-0A8D88D8FECC}.Debug|Any CPU.ActiveCfg = Debug|Any CPU
		{D3B6F80A-4F4F-4A43-BA0C-0A8D88D8FECC}.Debug|Any CPU.Build.0 = Debug|Any CPU
		{D3B6F80A-4F4F-4A43-BA0C-0A8D88D8FECC}.Release|Any CPU.ActiveCfg = Release|Any CPU
		{D3B6F80A-4F4F-4A43-BA0C-0A8D88D8FECC}.Release|Any CPU.Build.0 = Release|Any CPU
		{5B507675-0994-48FF-A4D5-F5E0D7060D6B}.Debug|Any CPU.ActiveCfg = Debug|Any CPU
		{5B507675-0994-48FF-A4D5-F5E0D7060D6B}.Debug|Any CPU.Build.0 = Debug|Any CPU
		{5B507675-0994-48FF-A4D5-F5E0D7060D6B}.Release|Any CPU.ActiveCfg = Release|Any CPU
		{5B507675-0994-48FF-A4D5-F5E0D7060D6B}.Release|Any CPU.Build.0 = Release|Any CPU
		{9B31F841-FEFB-47A2-B90B-469E58093303}.Debug|Any CPU.ActiveCfg = Debug|Any CPU
		{9B31F841-FEFB-47A2-B90B-469E58093303}.Debug|Any CPU.Build.0 = Debug|Any CPU
		{9B31F841-FEFB-47A2-B90B-469E58093303}.Release|Any CPU.ActiveCfg = Release|Any CPU
		{9B31F841-FEFB-47A2-B90B-469E58093303}.Release|Any CPU.Build.0 = Release|Any CPU
		{C0F560DC-CCB3-4B72-9AA1-A293C6E259E3}.Debug|Any CPU.ActiveCfg = Debug|Any CPU
		{C0F560DC-CCB3-4B72-9AA1-A293C6E259E3}.Debug|Any CPU.Build.0 = Debug|Any CPU
		{C0F560DC-CCB3-4B72-9AA1-A293C6E259E3}.Release|Any CPU.ActiveCfg = Release|Any CPU
		{C0F560DC-CCB3-4B72-9AA1-A293C6E259E3}.Release|Any CPU.Build.0 = Release|Any CPU
		{3F80D6AA-F891-4DFA-BF87-E4F342FC72E0}.Debug|Any CPU.ActiveCfg = Debug|Any CPU
		{3F80D6AA-F891-4DFA-BF87-E4F342FC72E0}.Debug|Any CPU.Build.0 = Debug|Any CPU
		{3F80D6AA-F891-4DFA-BF87-E4F342FC72E0}.Release|Any CPU.ActiveCfg = Release|Any CPU
		{3F80D6AA-F891-4DFA-BF87-E4F342FC72E0}.Release|Any CPU.Build.0 = Release|Any CPU
		{16EE8161-698E-4BF9-B9E0-1743BA46A99C}.Debug|Any CPU.ActiveCfg = Debug|Any CPU
		{16EE8161-698E-4BF9-B9E0-1743BA46A99C}.Debug|Any CPU.Build.0 = Debug|Any CPU
		{16EE8161-698E-4BF9-B9E0-1743BA46A99C}.Release|Any CPU.ActiveCfg = Release|Any CPU
		{16EE8161-698E-4BF9-B9E0-1743BA46A99C}.Release|Any CPU.Build.0 = Release|Any CPU
		{24E1C1E0-36AA-42FB-BAD2-8E9BD65660E7}.Debug|Any CPU.ActiveCfg = Debug|Any CPU
		{24E1C1E0-36AA-42FB-BAD2-8E9BD65660E7}.Debug|Any CPU.Build.0 = Debug|Any CPU
		{24E1C1E0-36AA-42FB-BAD2-8E9BD65660E7}.Release|Any CPU.ActiveCfg = Release|Any CPU
		{24E1C1E0-36AA-42FB-BAD2-8E9BD65660E7}.Release|Any CPU.Build.0 = Release|Any CPU
		{6FCCDA4E-7A80-44D5-825B-CEFCD6812F6F}.Debug|Any CPU.ActiveCfg = Debug|Any CPU
		{6FCCDA4E-7A80-44D5-825B-CEFCD6812F6F}.Debug|Any CPU.Build.0 = Debug|Any CPU
		{6FCCDA4E-7A80-44D5-825B-CEFCD6812F6F}.Release|Any CPU.ActiveCfg = Release|Any CPU
		{6FCCDA4E-7A80-44D5-825B-CEFCD6812F6F}.Release|Any CPU.Build.0 = Release|Any CPU
		{542F2DF9-BC80-4087-BFF2-33CFA7DEA5B8}.Debug|Any CPU.ActiveCfg = Debug|Any CPU
		{542F2DF9-BC80-4087-BFF2-33CFA7DEA5B8}.Debug|Any CPU.Build.0 = Debug|Any CPU
		{542F2DF9-BC80-4087-BFF2-33CFA7DEA5B8}.Release|Any CPU.ActiveCfg = Release|Any CPU
		{542F2DF9-BC80-4087-BFF2-33CFA7DEA5B8}.Release|Any CPU.Build.0 = Release|Any CPU
		{4CDEEB61-2797-4FF5-B032-C9A7839CB8E0}.Debug|Any CPU.ActiveCfg = Debug|Any CPU
		{4CDEEB61-2797-4FF5-B032-C9A7839CB8E0}.Debug|Any CPU.Build.0 = Debug|Any CPU
		{4CDEEB61-2797-4FF5-B032-C9A7839CB8E0}.Release|Any CPU.ActiveCfg = Release|Any CPU
		{4CDEEB61-2797-4FF5-B032-C9A7839CB8E0}.Release|Any CPU.Build.0 = Release|Any CPU
		{2DC83B2C-6A8A-4835-87D9-ECCFC746BB73}.Debug|Any CPU.ActiveCfg = Debug|Any CPU
		{2DC83B2C-6A8A-4835-87D9-ECCFC746BB73}.Debug|Any CPU.Build.0 = Debug|Any CPU
		{2DC83B2C-6A8A-4835-87D9-ECCFC746BB73}.Release|Any CPU.ActiveCfg = Release|Any CPU
		{2DC83B2C-6A8A-4835-87D9-ECCFC746BB73}.Release|Any CPU.Build.0 = Release|Any CPU
		{78221334-643A-40FE-AF83-44328F6643E2}.Debug|Any CPU.ActiveCfg = Debug|Any CPU
		{78221334-643A-40FE-AF83-44328F6643E2}.Debug|Any CPU.Build.0 = Debug|Any CPU
		{78221334-643A-40FE-AF83-44328F6643E2}.Release|Any CPU.ActiveCfg = Release|Any CPU
		{78221334-643A-40FE-AF83-44328F6643E2}.Release|Any CPU.Build.0 = Release|Any CPU
		{BAB5828A-D816-4E2B-BAA5-E4B2F0EDF39D}.Debug|Any CPU.ActiveCfg = Debug|Any CPU
		{BAB5828A-D816-4E2B-BAA5-E4B2F0EDF39D}.Debug|Any CPU.Build.0 = Debug|Any CPU
		{BAB5828A-D816-4E2B-BAA5-E4B2F0EDF39D}.Release|Any CPU.ActiveCfg = Release|Any CPU
		{BAB5828A-D816-4E2B-BAA5-E4B2F0EDF39D}.Release|Any CPU.Build.0 = Release|Any CPU
		{24484C41-E856-4800-9E54-521D3497E5DB}.Debug|Any CPU.ActiveCfg = Debug|Any CPU
		{24484C41-E856-4800-9E54-521D3497E5DB}.Debug|Any CPU.Build.0 = Debug|Any CPU
		{24484C41-E856-4800-9E54-521D3497E5DB}.Release|Any CPU.ActiveCfg = Release|Any CPU
		{24484C41-E856-4800-9E54-521D3497E5DB}.Release|Any CPU.Build.0 = Release|Any CPU
	EndGlobalSection
	GlobalSection(SolutionProperties) = preSolution
		HideSolutionNode = FALSE
	EndGlobalSection
	GlobalSection(NestedProjects) = preSolution
		{C0F560DC-CCB3-4B72-9AA1-A293C6E259E3} = {D2D365CE-968C-4200-A28C-43B93BD24194}
		{3F80D6AA-F891-4DFA-BF87-E4F342FC72E0} = {D2D365CE-968C-4200-A28C-43B93BD24194}
		{9B31F841-FEFB-47A2-B90B-469E58093303} = {D2D365CE-968C-4200-A28C-43B93BD24194}
		{24E1C1E0-36AA-42FB-BAD2-8E9BD65660E7} = {646B0119-BADC-4774-9B57-4F4091EAB032}
		{6FCCDA4E-7A80-44D5-825B-CEFCD6812F6F} = {646B0119-BADC-4774-9B57-4F4091EAB032}
		{542F2DF9-BC80-4087-BFF2-33CFA7DEA5B8} = {646B0119-BADC-4774-9B57-4F4091EAB032}
		{4CDEEB61-2797-4FF5-B032-C9A7839CB8E0} = {646B0119-BADC-4774-9B57-4F4091EAB032}
		{16EE8161-698E-4BF9-B9E0-1743BA46A99C} = {646B0119-BADC-4774-9B57-4F4091EAB032}
		{2DC83B2C-6A8A-4835-87D9-ECCFC746BB73} = {6A57C5C3-8E3F-4B66-9D2A-34772240DDF7}
		{78221334-643A-40FE-AF83-44328F6643E2} = {0307D959-FFA3-48F9-9CFA-D3DCBFB0CD2C}
	EndGlobalSection
EndGlobal
